// !$*UTF8*$!
{
	archiveVersion = 1;
	classes = {
	};
	objectVersion = 50;
	objects = {

/* Begin PBXBuildFile section */
		0B49C1B024B2BC5100D2CAE1 /* AppDelegate.swift in Sources */ = {isa = PBXBuildFile; fileRef = 0B49C1AF24B2BC5100D2CAE1 /* AppDelegate.swift */; };
		0B49C1B224B2BC5100D2CAE1 /* SceneDelegate.swift in Sources */ = {isa = PBXBuildFile; fileRef = 0B49C1B124B2BC5100D2CAE1 /* SceneDelegate.swift */; };
		0B49C1B424B2BC5100D2CAE1 /* ViewController.swift in Sources */ = {isa = PBXBuildFile; fileRef = 0B49C1B324B2BC5100D2CAE1 /* ViewController.swift */; };
		0B49C1B724B2BC5100D2CAE1 /* Main.storyboard in Resources */ = {isa = PBXBuildFile; fileRef = 0B49C1B524B2BC5100D2CAE1 /* Main.storyboard */; };
		0B49C1B924B2BC5400D2CAE1 /* Assets.xcassets in Resources */ = {isa = PBXBuildFile; fileRef = 0B49C1B824B2BC5400D2CAE1 /* Assets.xcassets */; };
		0B49C1BC24B2BC5400D2CAE1 /* LaunchScreen.storyboard in Resources */ = {isa = PBXBuildFile; fileRef = 0B49C1BA24B2BC5400D2CAE1 /* LaunchScreen.storyboard */; };
		0B74AAA824B2E15A00C4B013 /* PwResetViewController.swift in Sources */ = {isa = PBXBuildFile; fileRef = 0B74AAA724B2E15A00C4B013 /* PwResetViewController.swift */; };
		0B74AAAB24B2E49C00C4B013 /* SignupViewController.swift in Sources */ = {isa = PBXBuildFile; fileRef = 0B74AAAA24B2E49C00C4B013 /* SignupViewController.swift */; };
/* End PBXBuildFile section */

/* Begin PBXFileReference section */
		0B49C1AC24B2BC5100D2CAE1 /* Dreams.app */ = {isa = PBXFileReference; explicitFileType = wrapper.application; includeInIndex = 0; path = Dreams.app; sourceTree = BUILT_PRODUCTS_DIR; };
		0B49C1AF24B2BC5100D2CAE1 /* AppDelegate.swift */ = {isa = PBXFileReference; lastKnownFileType = sourcecode.swift; path = AppDelegate.swift; sourceTree = "<group>"; };
		0B49C1B124B2BC5100D2CAE1 /* SceneDelegate.swift */ = {isa = PBXFileReference; lastKnownFileType = sourcecode.swift; path = SceneDelegate.swift; sourceTree = "<group>"; };
		0B49C1B324B2BC5100D2CAE1 /* ViewController.swift */ = {isa = PBXFileReference; lastKnownFileType = sourcecode.swift; path = ViewController.swift; sourceTree = "<group>"; };
		0B49C1B624B2BC5100D2CAE1 /* Base */ = {isa = PBXFileReference; lastKnownFileType = file.storyboard; name = Base; path = Base.lproj/Main.storyboard; sourceTree = "<group>"; };
		0B49C1B824B2BC5400D2CAE1 /* Assets.xcassets */ = {isa = PBXFileReference; lastKnownFileType = folder.assetcatalog; path = Assets.xcassets; sourceTree = "<group>"; };
		0B49C1BB24B2BC5400D2CAE1 /* Base */ = {isa = PBXFileReference; lastKnownFileType = file.storyboard; name = Base; path = Base.lproj/LaunchScreen.storyboard; sourceTree = "<group>"; };
		0B49C1BD24B2BC5400D2CAE1 /* Info.plist */ = {isa = PBXFileReference; lastKnownFileType = text.plist.xml; path = Info.plist; sourceTree = "<group>"; };
		0B74AAA724B2E15A00C4B013 /* PwResetViewController.swift */ = {isa = PBXFileReference; lastKnownFileType = sourcecode.swift; path = PwResetViewController.swift; sourceTree = "<group>"; };
		0B74AAAA24B2E49C00C4B013 /* SignupViewController.swift */ = {isa = PBXFileReference; lastKnownFileType = sourcecode.swift; path = SignupViewController.swift; sourceTree = "<group>"; };
/* End PBXFileReference section */

/* Begin PBXFrameworksBuildPhase section */
		0B49C1A924B2BC5100D2CAE1 /* Frameworks */ = {
			isa = PBXFrameworksBuildPhase;
			buildActionMask = 2147483647;
			files = (
			);
			runOnlyForDeploymentPostprocessing = 0;
		};
/* End PBXFrameworksBuildPhase section */

/* Begin PBXGroup section */
		0B49C1A324B2BC5100D2CAE1 = {
			isa = PBXGroup;
			children = (
				0B49C1AE24B2BC5100D2CAE1 /* Dreams */,
				0B49C1AD24B2BC5100D2CAE1 /* Products */,
			);
			sourceTree = "<group>";
		};
		0B49C1AD24B2BC5100D2CAE1 /* Products */ = {
			isa = PBXGroup;
			children = (
				0B49C1AC24B2BC5100D2CAE1 /* Dreams.app */,
			);
			name = Products;
			sourceTree = "<group>";
		};
		0B49C1AE24B2BC5100D2CAE1 /* Dreams */ = {
			isa = PBXGroup;
			children = (
				0B74AAA924B2E48000C4B013 /* Login */,
				0B49C1AF24B2BC5100D2CAE1 /* AppDelegate.swift */,
				0B49C1B124B2BC5100D2CAE1 /* SceneDelegate.swift */,
				0B49C1B324B2BC5100D2CAE1 /* ViewController.swift */,
				0B49C1B524B2BC5100D2CAE1 /* Main.storyboard */,
				0B49C1B824B2BC5400D2CAE1 /* Assets.xcassets */,
				0B49C1BA24B2BC5400D2CAE1 /* LaunchScreen.storyboard */,
				0B49C1BD24B2BC5400D2CAE1 /* Info.plist */,
			);
			path = Dreams;
			sourceTree = "<group>";
		};
		0B74AAA924B2E48000C4B013 /* Login */ = {
			isa = PBXGroup;
			children = (
				0B74AAA724B2E15A00C4B013 /* PwResetViewController.swift */,
				0B74AAAA24B2E49C00C4B013 /* SignupViewController.swift */,
			);
			path = Login;
			sourceTree = "<group>";
		};
/* End PBXGroup section */

/* Begin PBXNativeTarget section */
		0B49C1AB24B2BC5100D2CAE1 /* Dreams */ = {
			isa = PBXNativeTarget;
			buildConfigurationList = 0B49C1C024B2BC5400D2CAE1 /* Build configuration list for PBXNativeTarget "Dreams" */;
			buildPhases = (
				0B49C1A824B2BC5100D2CAE1 /* Sources */,
				0B49C1A924B2BC5100D2CAE1 /* Frameworks */,
				0B49C1AA24B2BC5100D2CAE1 /* Resources */,
			);
			buildRules = (
			);
			dependencies = (
			);
			name = Dreams;
			productName = Dreams;
			productReference = 0B49C1AC24B2BC5100D2CAE1 /* Dreams.app */;
			productType = "com.apple.product-type.application";
		};
/* End PBXNativeTarget section */

/* Begin PBXProject section */
		0B49C1A424B2BC5100D2CAE1 /* Project object */ = {
			isa = PBXProject;
			attributes = {
				LastSwiftUpdateCheck = 1150;
				LastUpgradeCheck = 1150;
				ORGANIZATIONNAME = com.sg;
				TargetAttributes = {
					0B49C1AB24B2BC5100D2CAE1 = {
						CreatedOnToolsVersion = 11.5;
					};
				};
			};
			buildConfigurationList = 0B49C1A724B2BC5100D2CAE1 /* Build configuration list for PBXProject "Dreams" */;
			compatibilityVersion = "Xcode 9.3";
			developmentRegion = en;
			hasScannedForEncodings = 0;
			knownRegions = (
				en,
				Base,
			);
			mainGroup = 0B49C1A324B2BC5100D2CAE1;
			productRefGroup = 0B49C1AD24B2BC5100D2CAE1 /* Products */;
			projectDirPath = "";
			projectRoot = "";
			targets = (
				0B49C1AB24B2BC5100D2CAE1 /* Dreams */,
			);
		};
/* End PBXProject section */

/* Begin PBXResourcesBuildPhase section */
		0B49C1AA24B2BC5100D2CAE1 /* Resources */ = {
			isa = PBXResourcesBuildPhase;
			buildActionMask = 2147483647;
			files = (
				0B49C1BC24B2BC5400D2CAE1 /* LaunchScreen.storyboard in Resources */,
				0B49C1B924B2BC5400D2CAE1 /* Assets.xcassets in Resources */,
				0B49C1B724B2BC5100D2CAE1 /* Main.storyboard in Resources */,
			);
			runOnlyForDeploymentPostprocessing = 0;
		};
/* End PBXResourcesBuildPhase section */

/* Begin PBXSourcesBuildPhase section */
		0B49C1A824B2BC5100D2CAE1 /* Sources */ = {
			isa = PBXSourcesBuildPhase;
			buildActionMask = 2147483647;
			files = (
				0B49C1B424B2BC5100D2CAE1 /* ViewController.swift in Sources */,
				0B49C1B024B2BC5100D2CAE1 /* AppDelegate.swift in Sources */,
				0B74AAAB24B2E49C00C4B013 /* SignupViewController.swift in Sources */,
				0B49C1B224B2BC5100D2CAE1 /* SceneDelegate.swift in Sources */,
				0B74AAA824B2E15A00C4B013 /* PwResetViewController.swift in Sources */,
			);
			runOnlyForDeploymentPostprocessing = 0;
		};
/* End PBXSourcesBuildPhase section */

/* Begin PBXVariantGroup section */
		0B49C1B524B2BC5100D2CAE1 /* Main.storyboard */ = {
			isa = PBXVariantGroup;
			children = (
				0B49C1B624B2BC5100D2CAE1 /* Base */,
			);
			name = Main.storyboard;
			sourceTree = "<group>";
		};
		0B49C1BA24B2BC5400D2CAE1 /* LaunchScreen.storyboard */ = {
			isa = PBXVariantGroup;
			children = (
				0B49C1BB24B2BC5400D2CAE1 /* Base */,
			);
			name = LaunchScreen.storyboard;
			sourceTree = "<group>";
		};
/* End PBXVariantGroup section */

/* Begin XCBuildConfiguration section */
		0B49C1BE24B2BC5400D2CAE1 /* Debug */ = {
			isa = XCBuildConfiguration;
			buildSettings = {
				ALWAYS_SEARCH_USER_PATHS = NO;
				CLANG_ANALYZER_NONNULL = YES;
				CLANG_ANALYZER_NUMBER_OBJECT_CONVERSION = YES_AGGRESSIVE;
				CLANG_CXX_LANGUAGE_STANDARD = "gnu++14";
				CLANG_CXX_LIBRARY = "libc++";
				CLANG_ENABLE_MODULES = YES;
				CLANG_ENABLE_OBJC_ARC = YES;
				CLANG_ENABLE_OBJC_WEAK = YES;
				CLANG_WARN_BLOCK_CAPTURE_AUTORELEASING = YES;
				CLANG_WARN_BOOL_CONVERSION = YES;
				CLANG_WARN_COMMA = YES;
				CLANG_WARN_CONSTANT_CONVERSION = YES;
				CLANG_WARN_DEPRECATED_OBJC_IMPLEMENTATIONS = YES;
				CLANG_WARN_DIRECT_OBJC_ISA_USAGE = YES_ERROR;
				CLANG_WARN_DOCUMENTATION_COMMENTS = YES;
				CLANG_WARN_EMPTY_BODY = YES;
				CLANG_WARN_ENUM_CONVERSION = YES;
				CLANG_WARN_INFINITE_RECURSION = YES;
				CLANG_WARN_INT_CONVERSION = YES;
				CLANG_WARN_NON_LITERAL_NULL_CONVERSION = YES;
				CLANG_WARN_OBJC_IMPLICIT_RETAIN_SELF = YES;
				CLANG_WARN_OBJC_LITERAL_CONVERSION = YES;
				CLANG_WARN_OBJC_ROOT_CLASS = YES_ERROR;
				CLANG_WARN_RANGE_LOOP_ANALYSIS = YES;
				CLANG_WARN_STRICT_PROTOTYPES = YES;
				CLANG_WARN_SUSPICIOUS_MOVE = YES;
				CLANG_WARN_UNGUARDED_AVAILABILITY = YES_AGGRESSIVE;
				CLANG_WARN_UNREACHABLE_CODE = YES;
				CLANG_WARN__DUPLICATE_METHOD_MATCH = YES;
				COPY_PHASE_STRIP = NO;
				DEBUG_INFORMATION_FORMAT = dwarf;
				ENABLE_STRICT_OBJC_MSGSEND = YES;
				ENABLE_TESTABILITY = YES;
				GCC_C_LANGUAGE_STANDARD = gnu11;
				GCC_DYNAMIC_NO_PIC = NO;
				GCC_NO_COMMON_BLOCKS = YES;
				GCC_OPTIMIZATION_LEVEL = 0;
				GCC_PREPROCESSOR_DEFINITIONS = (
					"DEBUG=1",
					"$(inherited)",
				);
				GCC_WARN_64_TO_32_BIT_CONVERSION = YES;
				GCC_WARN_ABOUT_RETURN_TYPE = YES_ERROR;
				GCC_WARN_UNDECLARED_SELECTOR = YES;
				GCC_WARN_UNINITIALIZED_AUTOS = YES_AGGRESSIVE;
				GCC_WARN_UNUSED_FUNCTION = YES;
				GCC_WARN_UNUSED_VARIABLE = YES;
				IPHONEOS_DEPLOYMENT_TARGET = 13.5;
				MTL_ENABLE_DEBUG_INFO = INCLUDE_SOURCE;
				MTL_FAST_MATH = YES;
				ONLY_ACTIVE_ARCH = YES;
				SDKROOT = iphoneos;
				SWIFT_ACTIVE_COMPILATION_CONDITIONS = DEBUG;
				SWIFT_OPTIMIZATION_LEVEL = "-Onone";
			};
			name = Debug;
		};
		0B49C1BF24B2BC5400D2CAE1 /* Release */ = {
			isa = XCBuildConfiguration;
			buildSettings = {
				ALWAYS_SEARCH_USER_PATHS = NO;
				CLANG_ANALYZER_NONNULL = YES;
				CLANG_ANALYZER_NUMBER_OBJECT_CONVERSION = YES_AGGRESSIVE;
				CLANG_CXX_LANGUAGE_STANDARD = "gnu++14";
				CLANG_CXX_LIBRARY = "libc++";
				CLANG_ENABLE_MODULES = YES;
				CLANG_ENABLE_OBJC_ARC = YES;
				CLANG_ENABLE_OBJC_WEAK = YES;
				CLANG_WARN_BLOCK_CAPTURE_AUTORELEASING = YES;
				CLANG_WARN_BOOL_CONVERSION = YES;
				CLANG_WARN_COMMA = YES;
				CLANG_WARN_CONSTANT_CONVERSION = YES;
				CLANG_WARN_DEPRECATED_OBJC_IMPLEMENTATIONS = YES;
				CLANG_WARN_DIRECT_OBJC_ISA_USAGE = YES_ERROR;
				CLANG_WARN_DOCUMENTATION_COMMENTS = YES;
				CLANG_WARN_EMPTY_BODY = YES;
				CLANG_WARN_ENUM_CONVERSION = YES;
				CLANG_WARN_INFINITE_RECURSION = YES;
				CLANG_WARN_INT_CONVERSION = YES;
				CLANG_WARN_NON_LITERAL_NULL_CONVERSION = YES;
				CLANG_WARN_OBJC_IMPLICIT_RETAIN_SELF = YES;
				CLANG_WARN_OBJC_LITERAL_CONVERSION = YES;
				CLANG_WARN_OBJC_ROOT_CLASS = YES_ERROR;
				CLANG_WARN_RANGE_LOOP_ANALYSIS = YES;
				CLANG_WARN_STRICT_PROTOTYPES = YES;
				CLANG_WARN_SUSPICIOUS_MOVE = YES;
				CLANG_WARN_UNGUARDED_AVAILABILITY = YES_AGGRESSIVE;
				CLANG_WARN_UNREACHABLE_CODE = YES;
				CLANG_WARN__DUPLICATE_METHOD_MATCH = YES;
				COPY_PHASE_STRIP = NO;
				DEBUG_INFORMATION_FORMAT = "dwarf-with-dsym";
				ENABLE_NS_ASSERTIONS = NO;
				ENABLE_STRICT_OBJC_MSGSEND = YES;
				GCC_C_LANGUAGE_STANDARD = gnu11;
				GCC_NO_COMMON_BLOCKS = YES;
				GCC_WARN_64_TO_32_BIT_CONVERSION = YES;
				GCC_WARN_ABOUT_RETURN_TYPE = YES_ERROR;
				GCC_WARN_UNDECLARED_SELECTOR = YES;
				GCC_WARN_UNINITIALIZED_AUTOS = YES_AGGRESSIVE;
				GCC_WARN_UNUSED_FUNCTION = YES;
				GCC_WARN_UNUSED_VARIABLE = YES;
				IPHONEOS_DEPLOYMENT_TARGET = 13.5;
				MTL_ENABLE_DEBUG_INFO = NO;
				MTL_FAST_MATH = YES;
				SDKROOT = iphoneos;
				SWIFT_COMPILATION_MODE = wholemodule;
				SWIFT_OPTIMIZATION_LEVEL = "-O";
				VALIDATE_PRODUCT = YES;
			};
			name = Release;
		};
		0B49C1C124B2BC5400D2CAE1 /* Debug */ = {
			isa = XCBuildConfiguration;
			buildSettings = {
				ASSETCATALOG_COMPILER_APPICON_NAME = AppIcon;
				CODE_SIGN_STYLE = Automatic;
				DEVELOPMENT_TEAM = L2HU44QQL5;
				INFOPLIST_FILE = Dreams/Info.plist;
				LD_RUNPATH_SEARCH_PATHS = (
					"$(inherited)",
					"@executable_path/Frameworks",
				);
				PRODUCT_BUNDLE_IDENTIFIER = com.sg.Dreams;
				PRODUCT_NAME = "$(TARGET_NAME)";
				SWIFT_VERSION = 5.0;
				TARGETED_DEVICE_FAMILY = "1,2";
			};
			name = Debug;
		};
		0B49C1C224B2BC5400D2CAE1 /* Release */ = {
			isa = XCBuildConfiguration;
			buildSettings = {
				ASSETCATALOG_COMPILER_APPICON_NAME = AppIcon;
				CODE_SIGN_STYLE = Automatic;
				DEVELOPMENT_TEAM = L2HU44QQL5;
				INFOPLIST_FILE = Dreams/Info.plist;
				LD_RUNPATH_SEARCH_PATHS = (
					"$(inherited)",
					"@executable_path/Frameworks",
				);
				PRODUCT_BUNDLE_IDENTIFIER = com.sg.Dreams;
				PRODUCT_NAME = "$(TARGET_NAME)";
				SWIFT_VERSION = 5.0;
				TARGETED_DEVICE_FAMILY = "1,2";
			};
			name = Release;
		};
/* End XCBuildConfiguration section */

/* Begin XCConfigurationList section */
		0B49C1A724B2BC5100D2CAE1 /* Build configuration list for PBXProject "Dreams" */ = {
			isa = XCConfigurationList;
			buildConfigurations = (
				0B49C1BE24B2BC5400D2CAE1 /* Debug */,
				0B49C1BF24B2BC5400D2CAE1 /* Release */,
			);
			defaultConfigurationIsVisible = 0;
			defaultConfigurationName = Release;
		};
		0B49C1C024B2BC5400D2CAE1 /* Build configuration list for PBXNativeTarget "Dreams" */ = {
			isa = XCConfigurationList;
			buildConfigurations = (
				0B49C1C124B2BC5400D2CAE1 /* Debug */,
				0B49C1C224B2BC5400D2CAE1 /* Release */,
			);
			defaultConfigurationIsVisible = 0;
			defaultConfigurationName = Release;
		};
/* End XCConfigurationList section */
	};
	rootObject = 0B49C1A424B2BC5100D2CAE1 /* Project object */;
}
